
Microsoft Visual Studio Solution File, Format Version 12.00
# Visual Studio 15
VisualStudioVersion = 15.0.27703.2042
MinimumVisualStudioVersion = 10.0.40219.1
Project("{FAE04EC0-301F-11D3-BF4B-00C04F79EFBC}") = "GetText", "GetText.csproj", "{92A7A176-792D-4122-A100-1EEBF690AE19}"
EndProject
Global
	GlobalSection(SolutionConfigurationPlatforms) = preSolution
		Alpha|x86 = Alpha|x86
		Debug|x86 = Debug|x86
		Release|x86 = Release|x86
	EndGlobalSection
	GlobalSection(ProjectConfigurationPlatforms) = postSolution
		{92A7A176-792D-4122-A100-1EEBF690AE19}.Alpha|x86.ActiveCfg = Alpha|x86
		{92A7A176-792D-4122-A100-1EEBF690AE19}.Alpha|x86.Build.0 = Alpha|x86
		{92A7A176-792D-4122-A100-1EEBF690AE19}.Debug|x86.ActiveCfg = Debug|x86
		{92A7A176-792D-4122-A100-1EEBF690AE19}.Debug|x86.Build.0 = Debug|x86
		{92A7A176-792D-4122-A100-1EEBF690AE19}.Release|x86.ActiveCfg = Release|x86
		{92A7A176-792D-4122-A100-1EEBF690AE19}.Release|x86.Build.0 = Release|x86
	EndGlobalSection
	GlobalSection(SolutionProperties) = preSolution
		HideSolutionNode = FALSE
	EndGlobalSection
	GlobalSection(ExtensibilityGlobals) = postSolution
		SolutionGuid = {723E606D-99ED-4FC2-BC95-CF7C57748BFD}
	EndGlobalSection
EndGlobal
